
Microsoft Visual Studio Solution File, Format Version 12.00
# Visual Studio Version 17
VisualStudioVersion = 17.5.33530.505
MinimumVisualStudioVersion = 10.0.40219.1
Project("{FAE04EC0-301F-11D3-BF4B-00C04F79EFBC}") = "LOGINPROJETO", "LOGINPROJETO\LOGINPROJETO.csproj", "{CEE00B05-4A00-4EA8-B4C3-69236A5F443E}"
EndProject
Global
	GlobalSection(SolutionConfigurationPlatforms) = preSolution
		Debug|Any CPU = Debug|Any CPU
		Release|Any CPU = Release|Any CPU
	EndGlobalSection
	GlobalSection(ProjectConfigurationPlatforms) = postSolution
		{CEE00B05-4A00-4EA8-B4C3-69236A5F443E}.Debug|Any CPU.ActiveCfg = Debug|Any CPU
		{CEE00B05-4A00-4EA8-B4C3-69236A5F443E}.Debug|Any CPU.Build.0 = Debug|Any CPU
		{CEE00B05-4A00-4EA8-B4C3-69236A5F443E}.Release|Any CPU.ActiveCfg = Release|Any CPU
		{CEE00B05-4A00-4EA8-B4C3-69236A5F443E}.Release|Any CPU.Build.0 = Release|Any CPU
	EndGlobalSection
	GlobalSection(SolutionProperties) = preSolution
		HideSolutionNode = FALSE
	EndGlobalSection
	GlobalSection(ExtensibilityGlobals) = postSolution
		SolutionGuid = {696F20ED-C2FD-4A5A-80C6-A6E044D3CACE}
	EndGlobalSection
EndGlobal
